Microsoft Visual Studio Solution File, Format Version 12.00
# Visual Studio Version 17
VisualStudioVersion = 17.2.32210.308
MinimumVisualStudioVersion = 15.0.26124.0
Project("{2150E333-8FDC-42A3-9474-1A3956D46DE8}") = "Tests", "Tests", "{803465C7-1F88-4CF9-9A2B-E6CBD08E6C79}"
EndProject
Project("{9A19103F-16F7-4668-BE54-9A1E7A4F7556}") = "EndpointExplorer", "EndpointExplorer\EndpointExplorer.csproj", "{DD7C184D-9029-4308-8CAE-91D838CAC05C}"
EndProject
Project("{9A19103F-16F7-4668-BE54-9A1E7A4F7556}") = "EndpointExplorer.Tests", "EndpointExplorer.Tests\EndpointExplorer.Tests.csproj", "{357B64BB-AE9A-4D0F-9BC0-940759C23304}"
EndProject
Project("{9A19103F-16F7-4668-BE54-9A1E7A4F7556}") = "EndpointExplorer.UITests", "EndpointExplorer.UITests\EndpointExplorer.UITests.csproj", "{4A547FD0-7770-4665-9C47-3C426747AE02}"
EndProject
Project("{2150E333-8FDC-42A3-9474-1A3956D46DE8}") = "Solution Items", "Solution Items", "{BADA71DC-7FFD-4EDC-9F28-FB74AEADC713}"
	ProjectSection(SolutionItems) = preProject
		.editorconfig = .editorconfig
		.gitignore = .gitignore
		.vsconfig = .vsconfig
		Directory.Build.props = Directory.Build.props
		Directory.Build.targets = Directory.Build.targets
		Directory.Packages.props = Directory.Packages.props
		global.json = global.json
	EndProjectSection
EndProject
Project("{FAE04EC0-301F-11D3-BF4B-00C04F79EFBC}") = "UserReplay", "UserReplay\UserReplay.csproj", "{9A242AD7-9BBB-4581-BCE2-9A0B95652067}"
EndProject
Global
	GlobalSection(SolutionConfigurationPlatforms) = preSolution
		Debug|Any CPU = Debug|Any CPU
		Debug|ARM = Debug|ARM
		Debug|ARM64 = Debug|ARM64
		Debug|iPhone = Debug|iPhone
		Debug|iPhoneSimulator = Debug|iPhoneSimulator
		Debug|x64 = Debug|x64
		Debug|x86 = Debug|x86
		Release|Any CPU = Release|Any CPU
		Release|ARM = Release|ARM
		Release|ARM64 = Release|ARM64
		Release|iPhone = Release|iPhone
		Release|iPhoneSimulator = Release|iPhoneSimulator
		Release|x64 = Release|x64
		Release|x86 = Release|x86
	EndGlobalSection
	GlobalSection(ProjectConfigurationPlatforms) = postSolution
		{DD7C184D-9029-4308-8CAE-91D838CAC05C}.Debug|Any CPU.ActiveCfg = Debug|Any CPU
		{DD7C184D-9029-4308-8CAE-91D838CAC05C}.Debug|Any CPU.Build.0 = Debug|Any CPU
		{DD7C184D-9029-4308-8CAE-91D838CAC05C}.Debug|Any CPU.Deploy.0 = Debug|Any CPU
		{DD7C184D-9029-4308-8CAE-91D838CAC05C}.Debug|ARM.ActiveCfg = Debug|Any CPU
		{DD7C184D-9029-4308-8CAE-91D838CAC05C}.Debug|ARM.Build.0 = Debug|Any CPU
		{DD7C184D-9029-4308-8CAE-91D838CAC05C}.Debug|ARM.Deploy.0 = Debug|Any CPU
		{DD7C184D-9029-4308-8CAE-91D838CAC05C}.Debug|ARM64.ActiveCfg = Debug|Any CPU
		{DD7C184D-9029-4308-8CAE-91D838CAC05C}.Debug|ARM64.Build.0 = Debug|Any CPU
		{DD7C184D-9029-4308-8CAE-91D838CAC05C}.Debug|ARM64.Deploy.0 = Debug|Any CPU
		{DD7C184D-9029-4308-8CAE-91D838CAC05C}.Debug|iPhone.ActiveCfg = Debug|Any CPU
		{DD7C184D-9029-4308-8CAE-91D838CAC05C}.Debug|iPhone.Build.0 = Debug|Any CPU
		{DD7C184D-9029-4308-8CAE-91D838CAC05C}.Debug|iPhone.Deploy.0 = Debug|Any CPU
		{DD7C184D-9029-4308-8CAE-91D838CAC05C}.Debug|iPhoneSimulator.ActiveCfg = Debug|Any CPU
		{DD7C184D-9029-4308-8CAE-91D838CAC05C}.Debug|iPhoneSimulator.Build.0 = Debug|Any CPU
		{DD7C184D-9029-4308-8CAE-91D838CAC05C}.Debug|iPhoneSimulator.Deploy.0 = Debug|Any CPU
		{DD7C184D-9029-4308-8CAE-91D838CAC05C}.Debug|x64.ActiveCfg = Debug|Any CPU
		{DD7C184D-9029-4308-8CAE-91D838CAC05C}.Debug|x64.Build.0 = Debug|Any CPU
		{DD7C184D-9029-4308-8CAE-91D838CAC05C}.Debug|x64.Deploy.0 = Debug|Any CPU
		{DD7C184D-9029-4308-8CAE-91D838CAC05C}.Debug|x86.ActiveCfg = Debug|Any CPU
		{DD7C184D-9029-4308-8CAE-91D838CAC05C}.Debug|x86.Build.0 = Debug|Any CPU
		{DD7C184D-9029-4308-8CAE-91D838CAC05C}.Debug|x86.Deploy.0 = Debug|Any CPU
		{DD7C184D-9029-4308-8CAE-91D838CAC05C}.Release|Any CPU.ActiveCfg = Release|Any CPU
		{DD7C184D-9029-4308-8CAE-91D838CAC05C}.Release|Any CPU.Build.0 = Release|Any CPU
		{DD7C184D-9029-4308-8CAE-91D838CAC05C}.Release|Any CPU.Deploy.0 = Release|Any CPU
		{DD7C184D-9029-4308-8CAE-91D838CAC05C}.Release|ARM.ActiveCfg = Release|Any CPU
		{DD7C184D-9029-4308-8CAE-91D838CAC05C}.Release|ARM.Build.0 = Release|Any CPU
		{DD7C184D-9029-4308-8CAE-91D838CAC05C}.Release|ARM.Deploy.0 = Release|Any CPU
		{DD7C184D-9029-4308-8CAE-91D838CAC05C}.Release|ARM64.ActiveCfg = Release|Any CPU
		{DD7C184D-9029-4308-8CAE-91D838CAC05C}.Release|ARM64.Build.0 = Release|Any CPU
		{DD7C184D-9029-4308-8CAE-91D838CAC05C}.Release|ARM64.Deploy.0 = Release|Any CPU
		{DD7C184D-9029-4308-8CAE-91D838CAC05C}.Release|iPhone.ActiveCfg = Release|Any CPU
		{DD7C184D-9029-4308-8CAE-91D838CAC05C}.Release|iPhone.Build.0 = Release|Any CPU
		{DD7C184D-9029-4308-8CAE-91D838CAC05C}.Release|iPhone.Deploy.0 = Release|Any CPU
		{DD7C184D-9029-4308-8CAE-91D838CAC05C}.Release|iPhoneSimulator.ActiveCfg = Release|Any CPU
		{DD7C184D-9029-4308-8CAE-91D838CAC05C}.Release|iPhoneSimulator.Build.0 = Release|Any CPU
		{DD7C184D-9029-4308-8CAE-91D838CAC05C}.Release|iPhoneSimulator.Deploy.0 = Release|Any CPU
		{DD7C184D-9029-4308-8CAE-91D838CAC05C}.Release|x64.ActiveCfg = Release|Any CPU
		{DD7C184D-9029-4308-8CAE-91D838CAC05C}.Release|x64.Build.0 = Release|Any CPU
		{DD7C184D-9029-4308-8CAE-91D838CAC05C}.Release|x64.Deploy.0 = Release|Any CPU
		{DD7C184D-9029-4308-8CAE-91D838CAC05C}.Release|x86.ActiveCfg = Release|Any CPU
		{DD7C184D-9029-4308-8CAE-91D838CAC05C}.Release|x86.Build.0 = Release|Any CPU
		{DD7C184D-9029-4308-8CAE-91D838CAC05C}.Release|x86.Deploy.0 = Release|Any CPU
		{357B64BB-AE9A-4D0F-9BC0-940759C23304}.Debug|Any CPU.ActiveCfg = Debug|Any CPU
		{357B64BB-AE9A-4D0F-9BC0-940759C23304}.Debug|Any CPU.Build.0 = Debug|Any CPU
		{357B64BB-AE9A-4D0F-9BC0-940759C23304}.Debug|ARM.ActiveCfg = Debug|Any CPU
		{357B64BB-AE9A-4D0F-9BC0-940759C23304}.Debug|ARM.Build.0 = Debug|Any CPU
		{357B64BB-AE9A-4D0F-9BC0-940759C23304}.Debug|ARM64.ActiveCfg = Debug|Any CPU
		{357B64BB-AE9A-4D0F-9BC0-940759C23304}.Debug|ARM64.Build.0 = Debug|Any CPU
		{357B64BB-AE9A-4D0F-9BC0-940759C23304}.Debug|iPhone.ActiveCfg = Debug|Any CPU
		{357B64BB-AE9A-4D0F-9BC0-940759C23304}.Debug|iPhone.Build.0 = Debug|Any CPU
		{357B64BB-AE9A-4D0F-9BC0-940759C23304}.Debug|iPhoneSimulator.ActiveCfg = Debug|Any CPU
		{357B64BB-AE9A-4D0F-9BC0-940759C23304}.Debug|iPhoneSimulator.Build.0 = Debug|Any CPU
		{357B64BB-AE9A-4D0F-9BC0-940759C23304}.Debug|x64.ActiveCfg = Debug|Any CPU
		{357B64BB-AE9A-4D0F-9BC0-940759C23304}.Debug|x64.Build.0 = Debug|Any CPU
		{357B64BB-AE9A-4D0F-9BC0-940759C23304}.Debug|x86.ActiveCfg = Debug|Any CPU
		{357B64BB-AE9A-4D0F-9BC0-940759C23304}.Debug|x86.Build.0 = Debug|Any CPU
		{357B64BB-AE9A-4D0F-9BC0-940759C23304}.Release|Any CPU.ActiveCfg = Release|Any CPU
		{357B64BB-AE9A-4D0F-9BC0-940759C23304}.Release|Any CPU.Build.0 = Release|Any CPU
		{357B64BB-AE9A-4D0F-9BC0-940759C23304}.Release|ARM.ActiveCfg = Release|Any CPU
		{357B64BB-AE9A-4D0F-9BC0-940759C23304}.Release|ARM.Build.0 = Release|Any CPU
		{357B64BB-AE9A-4D0F-9BC0-940759C23304}.Release|ARM64.ActiveCfg = Release|Any CPU
		{357B64BB-AE9A-4D0F-9BC0-940759C23304}.Release|ARM64.Build.0 = Release|Any CPU
		{357B64BB-AE9A-4D0F-9BC0-940759C23304}.Release|iPhone.ActiveCfg = Release|Any CPU
		{357B64BB-AE9A-4D0F-9BC0-940759C23304}.Release|iPhone.Build.0 = Release|Any CPU
		{357B64BB-AE9A-4D0F-9BC0-940759C23304}.Release|iPhoneSimulator.ActiveCfg = Release|Any CPU
		{357B64BB-AE9A-4D0F-9BC0-940759C23304}.Release|iPhoneSimulator.Build.0 = Release|Any CPU
		{357B64BB-AE9A-4D0F-9BC0-940759C23304}.Release|x64.ActiveCfg = Release|Any CPU
		{357B64BB-AE9A-4D0F-9BC0-940759C23304}.Release|x64.Build.0 = Release|Any CPU
		{357B64BB-AE9A-4D0F-9BC0-940759C23304}.Release|x86.ActiveCfg = Release|Any CPU
		{357B64BB-AE9A-4D0F-9BC0-940759C23304}.Release|x86.Build.0 = Release|Any CPU
		{4A547FD0-7770-4665-9C47-3C426747AE02}.Debug|Any CPU.ActiveCfg = Debug|Any CPU
		{4A547FD0-7770-4665-9C47-3C426747AE02}.Debug|Any CPU.Build.0 = Debug|Any CPU
		{4A547FD0-7770-4665-9C47-3C426747AE02}.Debug|ARM.ActiveCfg = Debug|Any CPU
		{4A547FD0-7770-4665-9C47-3C426747AE02}.Debug|ARM.Build.0 = Debug|Any CPU
		{4A547FD0-7770-4665-9C47-3C426747AE02}.Debug|ARM64.ActiveCfg = Debug|Any CPU
		{4A547FD0-7770-4665-9C47-3C426747AE02}.Debug|ARM64.Build.0 = Debug|Any CPU
		{4A547FD0-7770-4665-9C47-3C426747AE02}.Debug|iPhone.ActiveCfg = Debug|Any CPU
		{4A547FD0-7770-4665-9C47-3C426747AE02}.Debug|iPhone.Build.0 = Debug|Any CPU
		{4A547FD0-7770-4665-9C47-3C426747AE02}.Debug|iPhoneSimulator.ActiveCfg = Debug|Any CPU
		{4A547FD0-7770-4665-9C47-3C426747AE02}.Debug|iPhoneSimulator.Build.0 = Debug|Any CPU
		{4A547FD0-7770-4665-9C47-3C426747AE02}.Debug|x64.ActiveCfg = Debug|Any CPU
		{4A547FD0-7770-4665-9C47-3C426747AE02}.Debug|x64.Build.0 = Debug|Any CPU
		{4A547FD0-7770-4665-9C47-3C426747AE02}.Debug|x86.ActiveCfg = Debug|Any CPU
		{4A547FD0-7770-4665-9C47-3C426747AE02}.Debug|x86.Build.0 = Debug|Any CPU
		{4A547FD0-7770-4665-9C47-3C426747AE02}.Release|Any CPU.ActiveCfg = Release|Any CPU
		{4A547FD0-7770-4665-9C47-3C426747AE02}.Release|Any CPU.Build.0 = Release|Any CPU
		{4A547FD0-7770-4665-9C47-3C426747AE02}.Release|ARM.ActiveCfg = Release|Any CPU
		{4A547FD0-7770-4665-9C47-3C426747AE02}.Release|ARM.Build.0 = Release|Any CPU
		{4A547FD0-7770-4665-9C47-3C426747AE02}.Release|ARM64.ActiveCfg = Release|Any CPU
		{4A547FD0-7770-4665-9C47-3C426747AE02}.Release|ARM64.Build.0 = Release|Any CPU
		{4A547FD0-7770-4665-9C47-3C426747AE02}.Release|iPhone.ActiveCfg = Release|Any CPU
		{4A547FD0-7770-4665-9C47-3C426747AE02}.Release|iPhone.Build.0 = Release|Any CPU
		{4A547FD0-7770-4665-9C47-3C426747AE02}.Release|iPhoneSimulator.ActiveCfg = Release|Any CPU
		{4A547FD0-7770-4665-9C47-3C426747AE02}.Release|iPhoneSimulator.Build.0 = Release|Any CPU
		{4A547FD0-7770-4665-9C47-3C426747AE02}.Release|x64.ActiveCfg = Release|Any CPU
		{4A547FD0-7770-4665-9C47-3C426747AE02}.Release|x64.Build.0 = Release|Any CPU
		{4A547FD0-7770-4665-9C47-3C426747AE02}.Release|x86.ActiveCfg = Release|Any CPU
		{4A547FD0-7770-4665-9C47-3C426747AE02}.Release|x86.Build.0 = Release|Any CPU
		{9A242AD7-9BBB-4581-BCE2-9A0B95652067}.Debug|Any CPU.ActiveCfg = Debug|Any CPU
		{9A242AD7-9BBB-4581-BCE2-9A0B95652067}.Debug|Any CPU.Build.0 = Debug|Any CPU
		{9A242AD7-9BBB-4581-BCE2-9A0B95652067}.Debug|ARM.ActiveCfg = Debug|Any CPU
		{9A242AD7-9BBB-4581-BCE2-9A0B95652067}.Debug|ARM.Build.0 = Debug|Any CPU
		{9A242AD7-9BBB-4581-BCE2-9A0B95652067}.Debug|ARM64.ActiveCfg = Debug|Any CPU
		{9A242AD7-9BBB-4581-BCE2-9A0B95652067}.Debug|ARM64.Build.0 = Debug|Any CPU
		{9A242AD7-9BBB-4581-BCE2-9A0B95652067}.Debug|iPhone.ActiveCfg = Debug|Any CPU
		{9A242AD7-9BBB-4581-BCE2-9A0B95652067}.Debug|iPhone.Build.0 = Debug|Any CPU
		{9A242AD7-9BBB-4581-BCE2-9A0B95652067}.Debug|iPhoneSimulator.ActiveCfg = Debug|Any CPU
		{9A242AD7-9BBB-4581-BCE2-9A0B95652067}.Debug|iPhoneSimulator.Build.0 = Debug|Any CPU
		{9A242AD7-9BBB-4581-BCE2-9A0B95652067}.Debug|x64.ActiveCfg = Debug|Any CPU
		{9A242AD7-9BBB-4581-BCE2-9A0B95652067}.Debug|x64.Build.0 = Debug|Any CPU
		{9A242AD7-9BBB-4581-BCE2-9A0B95652067}.Debug|x86.ActiveCfg = Debug|Any CPU
		{9A242AD7-9BBB-4581-BCE2-9A0B95652067}.Debug|x86.Build.0 = Debug|Any CPU
		{9A242AD7-9BBB-4581-BCE2-9A0B95652067}.Release|Any CPU.ActiveCfg = Release|Any CPU
		{9A242AD7-9BBB-4581-BCE2-9A0B95652067}.Release|Any CPU.Build.0 = Release|Any CPU
		{9A242AD7-9BBB-4581-BCE2-9A0B95652067}.Release|ARM.ActiveCfg = Release|Any CPU
		{9A242AD7-9BBB-4581-BCE2-9A0B95652067}.Release|ARM.Build.0 = Release|Any CPU
		{9A242AD7-9BBB-4581-BCE2-9A0B95652067}.Release|ARM64.ActiveCfg = Release|Any CPU
		{9A242AD7-9BBB-4581-BCE2-9A0B95652067}.Release|ARM64.Build.0 = Release|Any CPU
		{9A242AD7-9BBB-4581-BCE2-9A0B95652067}.Release|iPhone.ActiveCfg = Release|Any CPU
		{9A242AD7-9BBB-4581-BCE2-9A0B95652067}.Release|iPhone.Build.0 = Release|Any CPU
		{9A242AD7-9BBB-4581-BCE2-9A0B95652067}.Release|iPhoneSimulator.ActiveCfg = Release|Any CPU
		{9A242AD7-9BBB-4581-BCE2-9A0B95652067}.Release|iPhoneSimulator.Build.0 = Release|Any CPU
		{9A242AD7-9BBB-4581-BCE2-9A0B95652067}.Release|x64.ActiveCfg = Release|Any CPU
		{9A242AD7-9BBB-4581-BCE2-9A0B95652067}.Release|x64.Build.0 = Release|Any CPU
		{9A242AD7-9BBB-4581-BCE2-9A0B95652067}.Release|x86.ActiveCfg = Release|Any CPU
		{9A242AD7-9BBB-4581-BCE2-9A0B95652067}.Release|x86.Build.0 = Release|Any CPU
	EndGlobalSection
	GlobalSection(SolutionProperties) = preSolution
		HideSolutionNode = FALSE
	EndGlobalSection
	GlobalSection(NestedProjects) = preSolution
		{357B64BB-AE9A-4D0F-9BC0-940759C23304} = {803465C7-1F88-4CF9-9A2B-E6CBD08E6C79}
		{4A547FD0-7770-4665-9C47-3C426747AE02} = {803465C7-1F88-4CF9-9A2B-E6CBD08E6C79}
	EndGlobalSection
	GlobalSection(ExtensibilityGlobals) = postSolution
		SolutionGuid = {356CB3E8-A934-41A5-85D8-5551001D536F}
	EndGlobalSection
EndGlobal
